
Microsoft Visual Studio Solution File, Format Version 12.00
# Visual Studio Version 17
VisualStudioVersion = 17.9.34607.119
MinimumVisualStudioVersion = 10.0.40219.1
Project("{FAE04EC0-301F-11D3-BF4B-00C04F79EFBC}") = "Nlog_AspNet", "Nlog_AspNet\Nlog_AspNet.csproj", "{552B5E88-6A3E-4EA9-A743-C909E88E2E3E}"
EndProject
Global
	GlobalSection(SolutionConfigurationPlatforms) = preSolution
		Debug|Any CPU = Debug|Any CPU
		Release|Any CPU = Release|Any CPU
	EndGlobalSection
	GlobalSection(ProjectConfigurationPlatforms) = postSolution
		{552B5E88-6A3E-4EA9-A743-C909E88E2E3E}.Debug|Any CPU.ActiveCfg = Debug|Any CPU
		{552B5E88-6A3E-4EA9-A743-C909E88E2E3E}.Debug|Any CPU.Build.0 = Debug|Any CPU
		{552B5E88-6A3E-4EA9-A743-C909E88E2E3E}.Release|Any CPU.ActiveCfg = Release|Any CPU
		{552B5E88-6A3E-4EA9-A743-C909E88E2E3E}.Release|Any CPU.Build.0 = Release|Any CPU
	EndGlobalSection
	GlobalSection(SolutionProperties) = preSolution
		HideSolutionNode = FALSE
	EndGlobalSection
	GlobalSection(ExtensibilityGlobals) = postSolution
		SolutionGuid = {87EEC379-55B2-4271-B1C2-CD481573D872}
	EndGlobalSection
EndGlobal
